
Microsoft Visual Studio Solution File, Format Version 12.00
# Visual Studio 14
VisualStudioVersion = 14.0.25420.1
MinimumVisualStudioVersion = 10.0.40219.1
Project("{FAE04EC0-301F-11D3-BF4B-00C04F79EFBC}") = "SoldierB.TrueType", "SoldierB.TrueType\SoldierB.TrueType.csproj", "{CF26496F-F1A6-4697-8E29-C3DACB708919}"
EndProject
Project("{FAE04EC0-301F-11D3-BF4B-00C04F79EFBC}") = "FontTester", "FontTester\FontTester.csproj", "{F2A51D3C-826E-42DB-9641-FEF1DEA8E694}"
EndProject
Global
	GlobalSection(SolutionConfigurationPlatforms) = preSolution
		Debug|Any CPU = Debug|Any CPU
		Release|Any CPU = Release|Any CPU
	EndGlobalSection
	GlobalSection(ProjectConfigurationPlatforms) = postSolution
		{CF26496F-F1A6-4697-8E29-C3DACB708919}.Debug|Any CPU.ActiveCfg = Debug|Any CPU
		{CF26496F-F1A6-4697-8E29-C3DACB708919}.Debug|Any CPU.Build.0 = Debug|Any CPU
		{CF26496F-F1A6-4697-8E29-C3DACB708919}.Release|Any CPU.ActiveCfg = Release|Any CPU
		{CF26496F-F1A6-4697-8E29-C3DACB708919}.Release|Any CPU.Build.0 = Release|Any CPU
		{F2A51D3C-826E-42DB-9641-FEF1DEA8E694}.Debug|Any CPU.ActiveCfg = Debug|Any CPU
		{F2A51D3C-826E-42DB-9641-FEF1DEA8E694}.Debug|Any CPU.Build.0 = Debug|Any CPU
		{F2A51D3C-826E-42DB-9641-FEF1DEA8E694}.Release|Any CPU.ActiveCfg = Release|Any CPU
		{F2A51D3C-826E-42DB-9641-FEF1DEA8E694}.Release|Any CPU.Build.0 = Release|Any CPU
	EndGlobalSection
	GlobalSection(SolutionProperties) = preSolution
		HideSolutionNode = FALSE
	EndGlobalSection
EndGlobal
